
Microsoft Visual Studio Solution File, Format Version 12.00
# Visual Studio Version 17
VisualStudioVersion = 17.4.33213.308
MinimumVisualStudioVersion = 10.0.40219.1
Project("{FAE04EC0-301F-11D3-BF4B-00C04F79EFBC}") = "Nlc.ProgramCs.Config", "Nlc.ProgramCs.Config\Nlc.ProgramCs.Config.csproj", "{1966BE30-9A32-4484-BE78-85BC96126A27}"
EndProject
Global
	GlobalSection(SolutionConfigurationPlatforms) = preSolution
		Debug|Any CPU = Debug|Any CPU
		Release|Any CPU = Release|Any CPU
	EndGlobalSection
	GlobalSection(ProjectConfigurationPlatforms) = postSolution
		{1966BE30-9A32-4484-BE78-85BC96126A27}.Debug|Any CPU.ActiveCfg = Debug|Any CPU
		{1966BE30-9A32-4484-BE78-85BC96126A27}.Debug|Any CPU.Build.0 = Debug|Any CPU
		{1966BE30-9A32-4484-BE78-85BC96126A27}.Release|Any CPU.ActiveCfg = Release|Any CPU
		{1966BE30-9A32-4484-BE78-85BC96126A27}.Release|Any CPU.Build.0 = Release|Any CPU
	EndGlobalSection
	GlobalSection(SolutionProperties) = preSolution
		HideSolutionNode = FALSE
	EndGlobalSection
	GlobalSection(ExtensibilityGlobals) = postSolution
		SolutionGuid = {D38D2528-D778-4612-AA16-7A85757ADF99}
	EndGlobalSection
EndGlobal
